
Microsoft Visual Studio Solution File, Format Version 12.00
# Visual Studio Version 17
VisualStudioVersion = 17.9.34701.34
MinimumVisualStudioVersion = 10.0.40219.1
Project("{9A19103F-16F7-4668-BE54-9A1E7A4F7556}") = "LAB7", "LAB7\LAB7.csproj", "{783787C6-93D0-4D1C-B936-0C2508ED5FC9}"
EndProject
Project("{9A19103F-16F7-4668-BE54-9A1E7A4F7556}") = "LAB7.Desktop", "LAB7.Desktop\LAB7.Desktop.csproj", "{8B23AF5A-EE2A-44E3-ADB9-A503D07CA2FC}"
EndProject
Global
	GlobalSection(SolutionConfigurationPlatforms) = preSolution
		Debug|Any CPU = Debug|Any CPU
		Release|Any CPU = Release|Any CPU
	EndGlobalSection
	GlobalSection(ProjectConfigurationPlatforms) = postSolution
		{783787C6-93D0-4D1C-B936-0C2508ED5FC9}.Debug|Any CPU.ActiveCfg = Debug|Any CPU
		{783787C6-93D0-4D1C-B936-0C2508ED5FC9}.Debug|Any CPU.Build.0 = Debug|Any CPU
		{783787C6-93D0-4D1C-B936-0C2508ED5FC9}.Release|Any CPU.ActiveCfg = Release|Any CPU
		{783787C6-93D0-4D1C-B936-0C2508ED5FC9}.Release|Any CPU.Build.0 = Release|Any CPU
		{8B23AF5A-EE2A-44E3-ADB9-A503D07CA2FC}.Debug|Any CPU.ActiveCfg = Debug|Any CPU
		{8B23AF5A-EE2A-44E3-ADB9-A503D07CA2FC}.Debug|Any CPU.Build.0 = Debug|Any CPU
		{8B23AF5A-EE2A-44E3-ADB9-A503D07CA2FC}.Release|Any CPU.ActiveCfg = Release|Any CPU
		{8B23AF5A-EE2A-44E3-ADB9-A503D07CA2FC}.Release|Any CPU.Build.0 = Release|Any CPU
	EndGlobalSection
	GlobalSection(SolutionProperties) = preSolution
		HideSolutionNode = FALSE
	EndGlobalSection
	GlobalSection(ExtensibilityGlobals) = postSolution
		SolutionGuid = {D212A13D-E8EC-43AB-9B45-EA1F75B55A2E}
	EndGlobalSection
EndGlobal
